
Microsoft Visual Studio Solution File, Format Version 12.00
# Visual Studio Version 17
VisualStudioVersion = 17.14.36429.23
MinimumVisualStudioVersion = 10.0.40219.1
Project("{2150E333-8FDC-42A3-9474-1A3956D46DE8}") = "Task0", "Task0", "{02EA681E-C7D8-13C7-8484-4AC65E1B71E8}"
EndProject
Project("{FAE04EC0-301F-11D3-BF4B-00C04F79EFBC}") = "Tyuiu.BayazitovEA.Sprint2.Task0.V23.Lib", "Tyuiu.BayazitovEA.Sprint2.Task0.V23.Lib\Tyuiu.BayazitovEA.Sprint2.Task0.V23.Lib.csproj", "{33829284-DBBB-49A9-BD81-CEC19CB5C9AD}"
EndProject
Project("{FAE04EC0-301F-11D3-BF4B-00C04F79EFBC}") = "Tyuiu.BayazitovEA.Sprint2.Task0.V23", "Tyuiu.BayazitovEA.Sprint2.Task0.V23\Tyuiu.BayazitovEA.Sprint2.Task0.V23.csproj", "{DDC7E997-5129-427C-8973-C63BA3F1235D}"
EndProject
Project("{FAE04EC0-301F-11D3-BF4B-00C04F79EFBC}") = "Tyuiu.BayazitovEA.Sprint2.Task0.V23.Test", "Tyuiu.BayazitovEA.Sprint2.Task0.V23.Test\Tyuiu.BayazitovEA.Sprint2.Task0.V23.Test.csproj", "{7B21720A-E0E6-45A9-B799-BA22074898FB}"
EndProject
Project("{2150E333-8FDC-42A3-9474-1A3956D46DE8}") = "Task1", "Task1", "{9EEFD68E-F608-46CD-8537-D34718082649}"
EndProject
Project("{FAE04EC0-301F-11D3-BF4B-00C04F79EFBC}") = "Tyuiu.BayazitovEA.Sprint2.Task1.V15.Lib", "Tyuiu.BayazitovEA.Sprint2.Task1.V15.Lib\Tyuiu.BayazitovEA.Sprint2.Task1.V15.Lib.csproj", "{7B5D6080-A7E0-49A3-BE8C-890C0C1CA080}"
EndProject
Project("{FAE04EC0-301F-11D3-BF4B-00C04F79EFBC}") = "Tyuiu.BayazitovEA.Sprint2.Task1.V15.Test", "Tyuiu.BayazitovEA.Sprint2.Task1.V15.Test\Tyuiu.BayazitovEA.Sprint2.Task1.V15.Test.csproj", "{96F2327F-BA84-4A44-A290-59A93268F867}"
EndProject
Project("{FAE04EC0-301F-11D3-BF4B-00C04F79EFBC}") = "Tyuiu.BayazitovEA.Sprint2.Task1.V15", "Tyuiu.BayazitovEA.Sprint2.Task1.V15\Tyuiu.BayazitovEA.Sprint2.Task1.V15.csproj", "{53FC0AE9-6DDE-4E66-BB3B-99E0E8C40C85}"
EndProject
Project("{2150E333-8FDC-42A3-9474-1A3956D46DE8}") = "Task2", "Task2", "{12B32C3F-3CB6-4B4B-9771-9F457054E3EE}"
EndProject
Project("{FAE04EC0-301F-11D3-BF4B-00C04F79EFBC}") = "Tyuiu.BayazitovEA.Sprint2.Task2.V19.Lib", "Tyuiu.BayazitovEA.Sprint2.Task2.V19.Lib\Tyuiu.BayazitovEA.Sprint2.Task2.V19.Lib.csproj", "{CBA48D7B-27A8-439A-991B-39A80E7E2699}"
EndProject
Project("{FAE04EC0-301F-11D3-BF4B-00C04F79EFBC}") = "Tyuiu.BayazitovEA.Sprint2.Task2.V19", "Tyuiu.BayazitovEA.Sprint2.Task2.V19\Tyuiu.BayazitovEA.Sprint2.Task2.V19.csproj", "{83C6E3DE-0BE1-4248-ADA2-69688B320AC6}"
EndProject
Project("{FAE04EC0-301F-11D3-BF4B-00C04F79EFBC}") = "Tyuiu.BayazitovEA.Sprint2.Task2.V19.Test", "Tyuiu.BayazitovEA.Sprint2.Task2.V19.Test\Tyuiu.BayazitovEA.Sprint2.Task2.V19.Test.csproj", "{4250ED1A-E80E-4871-9236-E9A55521202E}"
EndProject
Project("{2150E333-8FDC-42A3-9474-1A3956D46DE8}") = "Task3", "Task3", "{CDAEA998-E304-4E4F-AB12-0FDFDCE02D2E}"
EndProject
Project("{FAE04EC0-301F-11D3-BF4B-00C04F79EFBC}") = "Tyuiu.BayazitovEA.Sprint2.Task3.V25.Lib", "Tyuiu.BayazitovEA.Sprint2.Task3.V25.Lib\Tyuiu.BayazitovEA.Sprint2.Task3.V25.Lib.csproj", "{C29A7DEE-AAFB-4E17-8986-5BEAEB31E3D7}"
EndProject
Project("{FAE04EC0-301F-11D3-BF4B-00C04F79EFBC}") = "Tyuiu.BayazitovEA.Sprint2.Task3.V25.Test", "Tyuiu.BayazitovEA.Sprint2.Task3.V25.Test\Tyuiu.BayazitovEA.Sprint2.Task3.V25.Test.csproj", "{36A46E42-469D-40D9-8D84-061F5BC47F79}"
EndProject
Project("{FAE04EC0-301F-11D3-BF4B-00C04F79EFBC}") = "Tyuiu.BayazitovEA.Sprint2.Task3.V25", "Tyuiu.BayazitovEA.Sprint2.Task3.V25\Tyuiu.BayazitovEA.Sprint2.Task3.V25.csproj", "{2E2BF38E-8B17-4720-B9E3-29D0BE9FC03A}"
EndProject
Project("{2150E333-8FDC-42A3-9474-1A3956D46DE8}") = "Task4", "Task4", "{8626D26B-B9A7-4BDA-97DC-2406AF38EC96}"
EndProject
Project("{FAE04EC0-301F-11D3-BF4B-00C04F79EFBC}") = "Tyuiu.BayazitovEA.Sprint2.Task4.V7", "Tyuiu.BayazitovEA.Sprint2.Task4.V7\Tyuiu.BayazitovEA.Sprint2.Task4.V7.csproj", "{46E939B3-9E7F-4FCF-8415-78197C9ADAF5}"
EndProject
Project("{FAE04EC0-301F-11D3-BF4B-00C04F79EFBC}") = "Tyuiu.BayazitovEA.Sprint2.Task4.V7.Test", "Tyuiu.BayazitovEA.Sprint2.Task4.V7.Test\Tyuiu.BayazitovEA.Sprint2.Task4.V7.Test.csproj", "{184120C8-51ED-4F2C-B402-B58FA1769C54}"
EndProject
Project("{FAE04EC0-301F-11D3-BF4B-00C04F79EFBC}") = "Tyuiu.BayazitovEA.Sprint2.Task4.V7.Lib", "Tyuiu.BayazitovEA.Sprint2.Task4.V7.Lib\Tyuiu.BayazitovEA.Sprint2.Task4.V7.Lib.csproj", "{AE5C23F2-B648-48E7-BF9B-343156F57F38}"
EndProject
Project("{2150E333-8FDC-42A3-9474-1A3956D46DE8}") = "Solution Items", "Solution Items", "{E8494A55-2A43-468E-B77B-CD013D2CCF99}"
EndProject
Project("{2150E333-8FDC-42A3-9474-1A3956D46DE8}") = "Task5", "Task5", "{126DD702-D57D-4EDA-BEB9-8A8E4ECC43E8}"
EndProject
Project("{FAE04EC0-301F-11D3-BF4B-00C04F79EFBC}") = "Tyuiu.BayazitovEA.Sprint2.Task5.V14.Test", "Tyuiu.BayazitovEA.Sprint2.Task5.V14.Test\Tyuiu.BayazitovEA.Sprint2.Task5.V14.Test.csproj", "{A9BCE668-ABDA-4AF0-81D1-3C7A7EFF99A9}"
EndProject
Project("{FAE04EC0-301F-11D3-BF4B-00C04F79EFBC}") = "Tyuiu.BayazitovEA.Sprint2.Task5.V14", "Tyuiu.BayazitovEA.Sprint2.Task5.V14\Tyuiu.BayazitovEA.Sprint2.Task5.V14.csproj", "{D65339EB-A5DC-4D57-B902-B57873D873BA}"
EndProject
Project("{FAE04EC0-301F-11D3-BF4B-00C04F79EFBC}") = "Tyuiu.BayazitovEA.Sprint2.Task5.V14.Lib", "Tyuiu.BayazitovEA.Sprint2.Task5.V14.Lib\Tyuiu.BayazitovEA.Sprint2.Task5.V14.Lib.csproj", "{DAF5DB50-2F5C-442D-9D56-24F62F46B156}"
EndProject
Project("{2150E333-8FDC-42A3-9474-1A3956D46DE8}") = "Task6", "Task6", "{E02454B5-68F8-4DB7-A1E9-28D79A12DC44}"
EndProject
Project("{FAE04EC0-301F-11D3-BF4B-00C04F79EFBC}") = "Tyuiu.BayazitovEA.Sprint2.Task6.V15.Lib", "Tyuiu.BayazitovEA.Sprint2.Task6.V15.Lib\Tyuiu.BayazitovEA.Sprint2.Task6.V15.Lib.csproj", "{9BD9C26C-E978-4419-ADE2-4EA931A74125}"
EndProject
Project("{FAE04EC0-301F-11D3-BF4B-00C04F79EFBC}") = "Tyuiu.BayazitovEA.Sprint2.Task6.V15", "Tyuiu.BayazitovEA.Sprint2.Task6.V15\Tyuiu.BayazitovEA.Sprint2.Task6.V15.csproj", "{06CA80C8-650F-4AC7-85DD-965B3CA183F2}"
EndProject
Project("{FAE04EC0-301F-11D3-BF4B-00C04F79EFBC}") = "Tyuiu.BayazitovEA.Sprint2.Task6.V15.Test", "Tyuiu.BayazitovEA.Sprint2.Task6.V15.Test\Tyuiu.BayazitovEA.Sprint2.Task6.V15.Test.csproj", "{B5CC96E1-3621-4858-B397-7A429E365486}"
EndProject
Project("{2150E333-8FDC-42A3-9474-1A3956D46DE8}") = "Task7", "Task7", "{4D79E38C-EC9B-49D3-8B70-ADF3F26E6020}"
EndProject
Project("{FAE04EC0-301F-11D3-BF4B-00C04F79EFBC}") = "Tyuiu.BayazitovEA.Sprint2.Task7.V7.Lib", "Tyuiu.BayazitovEA.Sprint2.Task7.V7.Lib\Tyuiu.BayazitovEA.Sprint2.Task7.V7.Lib.csproj", "{D7DEE580-B719-4809-BEFA-4CF38DAF0874}"
EndProject
Project("{FAE04EC0-301F-11D3-BF4B-00C04F79EFBC}") = "Tyuiu.BayazitovEA.Sprint2.Task7.V7.Test", "Tyuiu.BayazitovEA.Sprint2.Task7.V7.Test\Tyuiu.BayazitovEA.Sprint2.Task7.V7.Test.csproj", "{DB120729-8F56-4C5F-B344-340BE91027B0}"
EndProject
Project("{FAE04EC0-301F-11D3-BF4B-00C04F79EFBC}") = "Tyuiu.BayazitovEA.Sprint2.Task7.V7", "Tyuiu.BayazitovEA.Sprint2.Task7.V7\Tyuiu.BayazitovEA.Sprint2.Task7.V7.csproj", "{FE901F9B-1208-4CD1-B956-ECD27EB0BD82}"
EndProject
Global
	GlobalSection(SolutionConfigurationPlatforms) = preSolution
		Debug|Any CPU = Debug|Any CPU
		Release|Any CPU = Release|Any CPU
	EndGlobalSection
	GlobalSection(ProjectConfigurationPlatforms) = postSolution
		{33829284-DBBB-49A9-BD81-CEC19CB5C9AD}.Debug|Any CPU.ActiveCfg = Debug|Any CPU
		{33829284-DBBB-49A9-BD81-CEC19CB5C9AD}.Debug|Any CPU.Build.0 = Debug|Any CPU
		{33829284-DBBB-49A9-BD81-CEC19CB5C9AD}.Release|Any CPU.ActiveCfg = Release|Any CPU
		{33829284-DBBB-49A9-BD81-CEC19CB5C9AD}.Release|Any CPU.Build.0 = Release|Any CPU
		{DDC7E997-5129-427C-8973-C63BA3F1235D}.Debug|Any CPU.ActiveCfg = Debug|Any CPU
		{DDC7E997-5129-427C-8973-C63BA3F1235D}.Debug|Any CPU.Build.0 = Debug|Any CPU
		{DDC7E997-5129-427C-8973-C63BA3F1235D}.Release|Any CPU.ActiveCfg = Release|Any CPU
		{DDC7E997-5129-427C-8973-C63BA3F1235D}.Release|Any CPU.Build.0 = Release|Any CPU
		{7B21720A-E0E6-45A9-B799-BA22074898FB}.Debug|Any CPU.ActiveCfg = Debug|Any CPU
		{7B21720A-E0E6-45A9-B799-BA22074898FB}.Debug|Any CPU.Build.0 = Debug|Any CPU
		{7B21720A-E0E6-45A9-B799-BA22074898FB}.Release|Any CPU.ActiveCfg = Release|Any CPU
		{7B21720A-E0E6-45A9-B799-BA22074898FB}.Release|Any CPU.Build.0 = Release|Any CPU
		{7B5D6080-A7E0-49A3-BE8C-890C0C1CA080}.Debug|Any CPU.ActiveCfg = Debug|Any CPU
		{7B5D6080-A7E0-49A3-BE8C-890C0C1CA080}.Debug|Any CPU.Build.0 = Debug|Any CPU
		{7B5D6080-A7E0-49A3-BE8C-890C0C1CA080}.Release|Any CPU.ActiveCfg = Release|Any CPU
		{7B5D6080-A7E0-49A3-BE8C-890C0C1CA080}.Release|Any CPU.Build.0 = Release|Any CPU
		{96F2327F-BA84-4A44-A290-59A93268F867}.Debug|Any CPU.ActiveCfg = Debug|Any CPU
		{96F2327F-BA84-4A44-A290-59A93268F867}.Debug|Any CPU.Build.0 = Debug|Any CPU
		{96F2327F-BA84-4A44-A290-59A93268F867}.Release|Any CPU.ActiveCfg = Release|Any CPU
		{96F2327F-BA84-4A44-A290-59A93268F867}.Release|Any CPU.Build.0 = Release|Any CPU
		{53FC0AE9-6DDE-4E66-BB3B-99E0E8C40C85}.Debug|Any CPU.ActiveCfg = Debug|Any CPU
		{53FC0AE9-6DDE-4E66-BB3B-99E0E8C40C85}.Debug|Any CPU.Build.0 = Debug|Any CPU
		{53FC0AE9-6DDE-4E66-BB3B-99E0E8C40C85}.Release|Any CPU.ActiveCfg = Release|Any CPU
		{53FC0AE9-6DDE-4E66-BB3B-99E0E8C40C85}.Release|Any CPU.Build.0 = Release|Any CPU
		{CBA48D7B-27A8-439A-991B-39A80E7E2699}.Debug|Any CPU.ActiveCfg = Debug|Any CPU
		{CBA48D7B-27A8-439A-991B-39A80E7E2699}.Debug|Any CPU.Build.0 = Debug|Any CPU
		{CBA48D7B-27A8-439A-991B-39A80E7E2699}.Release|Any CPU.ActiveCfg = Release|Any CPU
		{CBA48D7B-27A8-439A-991B-39A80E7E2699}.Release|Any CPU.Build.0 = Release|Any CPU
		{83C6E3DE-0BE1-4248-ADA2-69688B320AC6}.Debug|Any CPU.ActiveCfg = Debug|Any CPU
		{83C6E3DE-0BE1-4248-ADA2-69688B320AC6}.Debug|Any CPU.Build.0 = Debug|Any CPU
		{83C6E3DE-0BE1-4248-ADA2-69688B320AC6}.Release|Any CPU.ActiveCfg = Release|Any CPU
		{83C6E3DE-0BE1-4248-ADA2-69688B320AC6}.Release|Any CPU.Build.0 = Release|Any CPU
		{4250ED1A-E80E-4871-9236-E9A55521202E}.Debug|Any CPU.ActiveCfg = Debug|Any CPU
		{4250ED1A-E80E-4871-9236-E9A55521202E}.Debug|Any CPU.Build.0 = Debug|Any CPU
		{4250ED1A-E80E-4871-9236-E9A55521202E}.Release|Any CPU.ActiveCfg = Release|Any CPU
		{4250ED1A-E80E-4871-9236-E9A55521202E}.Release|Any CPU.Build.0 = Release|Any CPU
		{C29A7DEE-AAFB-4E17-8986-5BEAEB31E3D7}.Debug|Any CPU.ActiveCfg = Debug|Any CPU
		{C29A7DEE-AAFB-4E17-8986-5BEAEB31E3D7}.Debug|Any CPU.Build.0 = Debug|Any CPU
		{C29A7DEE-AAFB-4E17-8986-5BEAEB31E3D7}.Release|Any CPU.ActiveCfg = Release|Any CPU
		{C29A7DEE-AAFB-4E17-8986-5BEAEB31E3D7}.Release|Any CPU.Build.0 = Release|Any CPU
		{36A46E42-469D-40D9-8D84-061F5BC47F79}.Debug|Any CPU.ActiveCfg = Debug|Any CPU
		{36A46E42-469D-40D9-8D84-061F5BC47F79}.Debug|Any CPU.Build.0 = Debug|Any CPU
		{36A46E42-469D-40D9-8D84-061F5BC47F79}.Release|Any CPU.ActiveCfg = Release|Any CPU
		{36A46E42-469D-40D9-8D84-061F5BC47F79}.Release|Any CPU.Build.0 = Release|Any CPU
		{2E2BF38E-8B17-4720-B9E3-29D0BE9FC03A}.Debug|Any CPU.ActiveCfg = Debug|Any CPU
		{2E2BF38E-8B17-4720-B9E3-29D0BE9FC03A}.Debug|Any CPU.Build.0 = Debug|Any CPU
		{2E2BF38E-8B17-4720-B9E3-29D0BE9FC03A}.Release|Any CPU.ActiveCfg = Release|Any CPU
		{2E2BF38E-8B17-4720-B9E3-29D0BE9FC03A}.Release|Any CPU.Build.0 = Release|Any CPU
		{46E939B3-9E7F-4FCF-8415-78197C9ADAF5}.Debug|Any CPU.ActiveCfg = Debug|Any CPU
		{46E939B3-9E7F-4FCF-8415-78197C9ADAF5}.Debug|Any CPU.Build.0 = Debug|Any CPU
		{46E939B3-9E7F-4FCF-8415-78197C9ADAF5}.Release|Any CPU.ActiveCfg = Release|Any CPU
		{46E939B3-9E7F-4FCF-8415-78197C9ADAF5}.Release|Any CPU.Build.0 = Release|Any CPU
		{184120C8-51ED-4F2C-B402-B58FA1769C54}.Debug|Any CPU.ActiveCfg = Debug|Any CPU
		{184120C8-51ED-4F2C-B402-B58FA1769C54}.Debug|Any CPU.Build.0 = Debug|Any CPU
		{184120C8-51ED-4F2C-B402-B58FA1769C54}.Release|Any CPU.ActiveCfg = Release|Any CPU
		{184120C8-51ED-4F2C-B402-B58FA1769C54}.Release|Any CPU.Build.0 = Release|Any CPU
		{AE5C23F2-B648-48E7-BF9B-343156F57F38}.Debug|Any CPU.ActiveCfg = Debug|Any CPU
		{AE5C23F2-B648-48E7-BF9B-343156F57F38}.Debug|Any CPU.Build.0 = Debug|Any CPU
		{AE5C23F2-B648-48E7-BF9B-343156F57F38}.Release|Any CPU.ActiveCfg = Release|Any CPU
		{AE5C23F2-B648-48E7-BF9B-343156F57F38}.Release|Any CPU.Build.0 = Release|Any CPU
		{A9BCE668-ABDA-4AF0-81D1-3C7A7EFF99A9}.Debug|Any CPU.ActiveCfg = Debug|Any CPU
		{A9BCE668-ABDA-4AF0-81D1-3C7A7EFF99A9}.Debug|Any CPU.Build.0 = Debug|Any CPU
		{A9BCE668-ABDA-4AF0-81D1-3C7A7EFF99A9}.Release|Any CPU.ActiveCfg = Release|Any CPU
		{A9BCE668-ABDA-4AF0-81D1-3C7A7EFF99A9}.Release|Any CPU.Build.0 = Release|Any CPU
		{D65339EB-A5DC-4D57-B902-B57873D873BA}.Debug|Any CPU.ActiveCfg = Debug|Any CPU
		{D65339EB-A5DC-4D57-B902-B57873D873BA}.Debug|Any CPU.Build.0 = Debug|Any CPU
		{D65339EB-A5DC-4D57-B902-B57873D873BA}.Release|Any CPU.ActiveCfg = Release|Any CPU
		{D65339EB-A5DC-4D57-B902-B57873D873BA}.Release|Any CPU.Build.0 = Release|Any CPU
		{DAF5DB50-2F5C-442D-9D56-24F62F46B156}.Debug|Any CPU.ActiveCfg = Debug|Any CPU
		{DAF5DB50-2F5C-442D-9D56-24F62F46B156}.Debug|Any CPU.Build.0 = Debug|Any CPU
		{DAF5DB50-2F5C-442D-9D56-24F62F46B156}.Release|Any CPU.ActiveCfg = Release|Any CPU
		{DAF5DB50-2F5C-442D-9D56-24F62F46B156}.Release|Any CPU.Build.0 = Release|Any CPU
		{9BD9C26C-E978-4419-ADE2-4EA931A74125}.Debug|Any CPU.ActiveCfg = Debug|Any CPU
		{9BD9C26C-E978-4419-ADE2-4EA931A74125}.Debug|Any CPU.Build.0 = Debug|Any CPU
		{9BD9C26C-E978-4419-ADE2-4EA931A74125}.Release|Any CPU.ActiveCfg = Release|Any CPU
		{9BD9C26C-E978-4419-ADE2-4EA931A74125}.Release|Any CPU.Build.0 = Release|Any CPU
		{06CA80C8-650F-4AC7-85DD-965B3CA183F2}.Debug|Any CPU.ActiveCfg = Debug|Any CPU
		{06CA80C8-650F-4AC7-85DD-965B3CA183F2}.Debug|Any CPU.Build.0 = Debug|Any CPU
		{06CA80C8-650F-4AC7-85DD-965B3CA183F2}.Release|Any CPU.ActiveCfg = Release|Any CPU
		{06CA80C8-650F-4AC7-85DD-965B3CA183F2}.Release|Any CPU.Build.0 = Release|Any CPU
		{B5CC96E1-3621-4858-B397-7A429E365486}.Debug|Any CPU.ActiveCfg = Debug|Any CPU
		{B5CC96E1-3621-4858-B397-7A429E365486}.Debug|Any CPU.Build.0 = Debug|Any CPU
		{B5CC96E1-3621-4858-B397-7A429E365486}.Release|Any CPU.ActiveCfg = Release|Any CPU
		{B5CC96E1-3621-4858-B397-7A429E365486}.Release|Any CPU.Build.0 = Release|Any CPU
		{D7DEE580-B719-4809-BEFA-4CF38DAF0874}.Debug|Any CPU.ActiveCfg = Debug|Any CPU
		{D7DEE580-B719-4809-BEFA-4CF38DAF0874}.Debug|Any CPU.Build.0 = Debug|Any CPU
		{D7DEE580-B719-4809-BEFA-4CF38DAF0874}.Release|Any CPU.ActiveCfg = Release|Any CPU
		{D7DEE580-B719-4809-BEFA-4CF38DAF0874}.Release|Any CPU.Build.0 = Release|Any CPU
		{DB120729-8F56-4C5F-B344-340BE91027B0}.Debug|Any CPU.ActiveCfg = Debug|Any CPU
		{DB120729-8F56-4C5F-B344-340BE91027B0}.Debug|Any CPU.Build.0 = Debug|Any CPU
		{DB120729-8F56-4C5F-B344-340BE91027B0}.Release|Any CPU.ActiveCfg = Release|Any CPU
		{DB120729-8F56-4C5F-B344-340BE91027B0}.Release|Any CPU.Build.0 = Release|Any CPU
		{FE901F9B-1208-4CD1-B956-ECD27EB0BD82}.Debug|Any CPU.ActiveCfg = Debug|Any CPU
		{FE901F9B-1208-4CD1-B956-ECD27EB0BD82}.Debug|Any CPU.Build.0 = Debug|Any CPU
		{FE901F9B-1208-4CD1-B956-ECD27EB0BD82}.Release|Any CPU.ActiveCfg = Release|Any CPU
		{FE901F9B-1208-4CD1-B956-ECD27EB0BD82}.Release|Any CPU.Build.0 = Release|Any CPU
	EndGlobalSection
	GlobalSection(SolutionProperties) = preSolution
		HideSolutionNode = FALSE
	EndGlobalSection
	GlobalSection(NestedProjects) = preSolution
		{33829284-DBBB-49A9-BD81-CEC19CB5C9AD} = {02EA681E-C7D8-13C7-8484-4AC65E1B71E8}
		{DDC7E997-5129-427C-8973-C63BA3F1235D} = {02EA681E-C7D8-13C7-8484-4AC65E1B71E8}
		{7B21720A-E0E6-45A9-B799-BA22074898FB} = {02EA681E-C7D8-13C7-8484-4AC65E1B71E8}
		{7B5D6080-A7E0-49A3-BE8C-890C0C1CA080} = {9EEFD68E-F608-46CD-8537-D34718082649}
		{96F2327F-BA84-4A44-A290-59A93268F867} = {9EEFD68E-F608-46CD-8537-D34718082649}
		{53FC0AE9-6DDE-4E66-BB3B-99E0E8C40C85} = {9EEFD68E-F608-46CD-8537-D34718082649}
		{CBA48D7B-27A8-439A-991B-39A80E7E2699} = {12B32C3F-3CB6-4B4B-9771-9F457054E3EE}
		{83C6E3DE-0BE1-4248-ADA2-69688B320AC6} = {12B32C3F-3CB6-4B4B-9771-9F457054E3EE}
		{4250ED1A-E80E-4871-9236-E9A55521202E} = {12B32C3F-3CB6-4B4B-9771-9F457054E3EE}
		{C29A7DEE-AAFB-4E17-8986-5BEAEB31E3D7} = {CDAEA998-E304-4E4F-AB12-0FDFDCE02D2E}
		{36A46E42-469D-40D9-8D84-061F5BC47F79} = {CDAEA998-E304-4E4F-AB12-0FDFDCE02D2E}
		{2E2BF38E-8B17-4720-B9E3-29D0BE9FC03A} = {CDAEA998-E304-4E4F-AB12-0FDFDCE02D2E}
		{46E939B3-9E7F-4FCF-8415-78197C9ADAF5} = {8626D26B-B9A7-4BDA-97DC-2406AF38EC96}
		{184120C8-51ED-4F2C-B402-B58FA1769C54} = {8626D26B-B9A7-4BDA-97DC-2406AF38EC96}
		{AE5C23F2-B648-48E7-BF9B-343156F57F38} = {8626D26B-B9A7-4BDA-97DC-2406AF38EC96}
		{A9BCE668-ABDA-4AF0-81D1-3C7A7EFF99A9} = {126DD702-D57D-4EDA-BEB9-8A8E4ECC43E8}
		{D65339EB-A5DC-4D57-B902-B57873D873BA} = {126DD702-D57D-4EDA-BEB9-8A8E4ECC43E8}
		{DAF5DB50-2F5C-442D-9D56-24F62F46B156} = {126DD702-D57D-4EDA-BEB9-8A8E4ECC43E8}
		{9BD9C26C-E978-4419-ADE2-4EA931A74125} = {E02454B5-68F8-4DB7-A1E9-28D79A12DC44}
		{06CA80C8-650F-4AC7-85DD-965B3CA183F2} = {E02454B5-68F8-4DB7-A1E9-28D79A12DC44}
		{B5CC96E1-3621-4858-B397-7A429E365486} = {E02454B5-68F8-4DB7-A1E9-28D79A12DC44}
		{D7DEE580-B719-4809-BEFA-4CF38DAF0874} = {4D79E38C-EC9B-49D3-8B70-ADF3F26E6020}
		{DB120729-8F56-4C5F-B344-340BE91027B0} = {4D79E38C-EC9B-49D3-8B70-ADF3F26E6020}
		{FE901F9B-1208-4CD1-B956-ECD27EB0BD82} = {4D79E38C-EC9B-49D3-8B70-ADF3F26E6020}
	EndGlobalSection
	GlobalSection(ExtensibilityGlobals) = postSolution
		SolutionGuid = {90B5DE81-EEE3-4A00-9D6E-411575BD8875}
	EndGlobalSection
EndGlobal
